// !$*UTF8*$!
{
	archiveVersion = 1;
	classes = {
	};
	objectVersion = 56;
	objects = {

/* Begin PBXBuildFile section */
		68D55B2029FC017500E91CE9 /* AppDelegate.swift in Sources */ = {isa = PBXBuildFile; fileRef = 68D55B1F29FC017500E91CE9 /* AppDelegate.swift */; };
		68D55B2229FC017500E91CE9 /* SceneDelegate.swift in Sources */ = {isa = PBXBuildFile; fileRef = 68D55B2129FC017500E91CE9 /* SceneDelegate.swift */; };
		68D55B2429FC017500E91CE9 /* WeatherViewController.swift in Sources */ = {isa = PBXBuildFile; fileRef = 68D55B2329FC017500E91CE9 /* WeatherViewController.swift */; };
		68D55B2729FC017500E91CE9 /* Main.storyboard in Resources */ = {isa = PBXBuildFile; fileRef = 68D55B2529FC017500E91CE9 /* Main.storyboard */; };
		68D55B2929FC017600E91CE9 /* Assets.xcassets in Resources */ = {isa = PBXBuildFile; fileRef = 68D55B2829FC017600E91CE9 /* Assets.xcassets */; };
		68D55B2C29FC017600E91CE9 /* LaunchScreen.storyboard in Resources */ = {isa = PBXBuildFile; fileRef = 68D55B2A29FC017600E91CE9 /* LaunchScreen.storyboard */; };
		68D55B3729FC01CE00E91CE9 /* ChangeCityViewController.swift in Sources */ = {isa = PBXBuildFile; fileRef = 68D55B3629FC01CE00E91CE9 /* ChangeCityViewController.swift */; };
		68D55B3B29FC06A500E91CE9 /* DesignableTextField.swift in Sources */ = {isa = PBXBuildFile; fileRef = 68D55B3A29FC06A500E91CE9 /* DesignableTextField.swift */; };
		68D55B3D29FC0AFF00E91CE9 /* BounceButton.swift in Sources */ = {isa = PBXBuildFile; fileRef = 68D55B3C29FC0AFF00E91CE9 /* BounceButton.swift */; };
		68D55B3F29FC0C4E00E91CE9 /* DesignButton.swift in Sources */ = {isa = PBXBuildFile; fileRef = 68D55B3E29FC0C4E00E91CE9 /* DesignButton.swift */; };
		68D55B4129FC0E9000E91CE9 /* Montserrat-Italic-VariableFont_wght.ttf in Resources */ = {isa = PBXBuildFile; fileRef = 68D55B4029FC0E9000E91CE9 /* Montserrat-Italic-VariableFont_wght.ttf */; };
		68DF552D2A0288AD00B99634 /* Alamofire in Frameworks */ = {isa = PBXBuildFile; productRef = 68DF552C2A0288AD00B99634 /* Alamofire */; };
		68DF552F2A02896500B99634 /* OpenWeather.swift in Sources */ = {isa = PBXBuildFile; fileRef = 68DF552E2A02896500B99634 /* OpenWeather.swift */; };
		68DF55312A0289D000B99634 /* OpenWeatherModel.swift in Sources */ = {isa = PBXBuildFile; fileRef = 68DF55302A0289D000B99634 /* OpenWeatherModel.swift */; };
/* End PBXBuildFile section */

/* Begin PBXFileReference section */
		68D55B1C29FC017500E91CE9 /* OpenWeatherApp.app */ = {isa = PBXFileReference; explicitFileType = wrapper.application; includeInIndex = 0; path = OpenWeatherApp.app; sourceTree = BUILT_PRODUCTS_DIR; };
		68D55B1F29FC017500E91CE9 /* AppDelegate.swift */ = {isa = PBXFileReference; lastKnownFileType = sourcecode.swift; path = AppDelegate.swift; sourceTree = "<group>"; };
		68D55B2129FC017500E91CE9 /* SceneDelegate.swift */ = {isa = PBXFileReference; lastKnownFileType = sourcecode.swift; path = SceneDelegate.swift; sourceTree = "<group>"; };
		68D55B2329FC017500E91CE9 /* WeatherViewController.swift */ = {isa = PBXFileReference; lastKnownFileType = sourcecode.swift; path = WeatherViewController.swift; sourceTree = "<group>"; };
		68D55B2629FC017500E91CE9 /* Base */ = {isa = PBXFileReference; lastKnownFileType = file.storyboard; name = Base; path = Base.lproj/Main.storyboard; sourceTree = "<group>"; };
		68D55B2829FC017600E91CE9 /* Assets.xcassets */ = {isa = PBXFileReference; lastKnownFileType = folder.assetcatalog; path = Assets.xcassets; sourceTree = "<group>"; };
		68D55B2B29FC017600E91CE9 /* Base */ = {isa = PBXFileReference; lastKnownFileType = file.storyboard; name = Base; path = Base.lproj/LaunchScreen.storyboard; sourceTree = "<group>"; };
		68D55B2D29FC017600E91CE9 /* Info.plist */ = {isa = PBXFileReference; lastKnownFileType = text.plist.xml; path = Info.plist; sourceTree = "<group>"; };
		68D55B3629FC01CE00E91CE9 /* ChangeCityViewController.swift */ = {isa = PBXFileReference; lastKnownFileType = sourcecode.swift; path = ChangeCityViewController.swift; sourceTree = "<group>"; };
		68D55B3A29FC06A500E91CE9 /* DesignableTextField.swift */ = {isa = PBXFileReference; lastKnownFileType = sourcecode.swift; path = DesignableTextField.swift; sourceTree = "<group>"; };
		68D55B3C29FC0AFF00E91CE9 /* BounceButton.swift */ = {isa = PBXFileReference; lastKnownFileType = sourcecode.swift; path = BounceButton.swift; sourceTree = "<group>"; };
		68D55B3E29FC0C4E00E91CE9 /* DesignButton.swift */ = {isa = PBXFileReference; lastKnownFileType = sourcecode.swift; path = DesignButton.swift; sourceTree = "<group>"; };
		68D55B4029FC0E9000E91CE9 /* Montserrat-Italic-VariableFont_wght.ttf */ = {isa = PBXFileReference; lastKnownFileType = file; path = "Montserrat-Italic-VariableFont_wght.ttf"; sourceTree = "<group>"; };
		68DF552E2A02896500B99634 /* OpenWeather.swift */ = {isa = PBXFileReference; lastKnownFileType = sourcecode.swift; path = OpenWeather.swift; sourceTree = "<group>"; };
		68DF55302A0289D000B99634 /* OpenWeatherModel.swift */ = {isa = PBXFileReference; lastKnownFileType = sourcecode.swift; path = OpenWeatherModel.swift; sourceTree = "<group>"; };
/* End PBXFileReference section */

/* Begin PBXFrameworksBuildPhase section */
		68D55B1929FC017500E91CE9 /* Frameworks */ = {
			isa = PBXFrameworksBuildPhase;
			buildActionMask = 2147483647;
			files = (
				68DF552D2A0288AD00B99634 /* Alamofire in Frameworks */,
			);
			runOnlyForDeploymentPostprocessing = 0;
		};
/* End PBXFrameworksBuildPhase section */

/* Begin PBXGroup section */
		68D55B1329FC017500E91CE9 = {
			isa = PBXGroup;
			children = (
				68D55B1E29FC017500E91CE9 /* OpenWeatherApp */,
				68D55B1D29FC017500E91CE9 /* Products */,
			);
			sourceTree = "<group>";
		};
		68D55B1D29FC017500E91CE9 /* Products */ = {
			isa = PBXGroup;
			children = (
				68D55B1C29FC017500E91CE9 /* OpenWeatherApp.app */,
			);
			name = Products;
			sourceTree = "<group>";
		};
		68D55B1E29FC017500E91CE9 /* OpenWeatherApp */ = {
			isa = PBXGroup;
			children = (
				68D55B3329FC017C00E91CE9 /* AppDelegate */,
				68D55B3929FC01E200E91CE9 /* ExtraResource */,
				68D55B3829FC01DA00E91CE9 /* Model */,
				68D55B3529FC01AC00E91CE9 /* Controllers */,
				68D55B3429FC018B00E91CE9 /* View */,
				68D55B2829FC017600E91CE9 /* Assets.xcassets */,
				68D55B2D29FC017600E91CE9 /* Info.plist */,
			);
			path = OpenWeatherApp;
			sourceTree = "<group>";
		};
		68D55B3329FC017C00E91CE9 /* AppDelegate */ = {
			isa = PBXGroup;
			children = (
				68D55B1F29FC017500E91CE9 /* AppDelegate.swift */,
				68D55B2129FC017500E91CE9 /* SceneDelegate.swift */,
			);
			path = AppDelegate;
			sourceTree = "<group>";
		};
		68D55B3429FC018B00E91CE9 /* View */ = {
			isa = PBXGroup;
			children = (
				68D55B2529FC017500E91CE9 /* Main.storyboard */,
				68D55B2A29FC017600E91CE9 /* LaunchScreen.storyboard */,
			);
			path = View;
			sourceTree = "<group>";
		};
		68D55B3529FC01AC00E91CE9 /* Controllers */ = {
			isa = PBXGroup;
			children = (
				68D55B2329FC017500E91CE9 /* WeatherViewController.swift */,
				68D55B3629FC01CE00E91CE9 /* ChangeCityViewController.swift */,
			);
			path = Controllers;
			sourceTree = "<group>";
		};
		68D55B3829FC01DA00E91CE9 /* Model */ = {
			isa = PBXGroup;
			children = (
				68DF552E2A02896500B99634 /* OpenWeather.swift */,
				68DF55302A0289D000B99634 /* OpenWeatherModel.swift */,
			);
			path = Model;
			sourceTree = "<group>";
		};
		68D55B3929FC01E200E91CE9 /* ExtraResource */ = {
			isa = PBXGroup;
			children = (
				68D55B3A29FC06A500E91CE9 /* DesignableTextField.swift */,
				68D55B3C29FC0AFF00E91CE9 /* BounceButton.swift */,
				68D55B3E29FC0C4E00E91CE9 /* DesignButton.swift */,
				68D55B4029FC0E9000E91CE9 /* Montserrat-Italic-VariableFont_wght.ttf */,
			);
			path = ExtraResource;
			sourceTree = "<group>";
		};
/* End PBXGroup section */

/* Begin PBXNativeTarget section */
		68D55B1B29FC017500E91CE9 /* OpenWeatherApp */ = {
			isa = PBXNativeTarget;
			buildConfigurationList = 68D55B3029FC017600E91CE9 /* Build configuration list for PBXNativeTarget "OpenWeatherApp" */;
			buildPhases = (
				68D55B1829FC017500E91CE9 /* Sources */,
				68D55B1929FC017500E91CE9 /* Frameworks */,
				68D55B1A29FC017500E91CE9 /* Resources */,
			);
			buildRules = (
			);
			dependencies = (
			);
			name = OpenWeatherApp;
			packageProductDependencies = (
				68DF552C2A0288AD00B99634 /* Alamofire */,
			);
			productName = OpenWeatherApp;
			productReference = 68D55B1C29FC017500E91CE9 /* OpenWeatherApp.app */;
			productType = "com.apple.product-type.application";
		};
/* End PBXNativeTarget section */

/* Begin PBXProject section */
		68D55B1429FC017500E91CE9 /* Project object */ = {
			isa = PBXProject;
			attributes = {
				BuildIndependentTargetsInParallel = 1;
				LastSwiftUpdateCheck = 1430;
				LastUpgradeCheck = 1430;
				TargetAttributes = {
					68D55B1B29FC017500E91CE9 = {
						CreatedOnToolsVersion = 14.3;
					};
				};
			};
			buildConfigurationList = 68D55B1729FC017500E91CE9 /* Build configuration list for PBXProject "OpenWeatherApp" */;
			compatibilityVersion = "Xcode 14.0";
			developmentRegion = en;
			hasScannedForEncodings = 0;
			knownRegions = (
				en,
				Base,
			);
			mainGroup = 68D55B1329FC017500E91CE9;
			packageReferences = (
				68DF552B2A0288AD00B99634 /* XCRemoteSwiftPackageReference "Alamofire" */,
			);
			productRefGroup = 68D55B1D29FC017500E91CE9 /* Products */;
			projectDirPath = "";
			projectRoot = "";
			targets = (
				68D55B1B29FC017500E91CE9 /* OpenWeatherApp */,
			);
		};
/* End PBXProject section */

/* Begin PBXResourcesBuildPhase section */
		68D55B1A29FC017500E91CE9 /* Resources */ = {
			isa = PBXResourcesBuildPhase;
			buildActionMask = 2147483647;
			files = (
				68D55B4129FC0E9000E91CE9 /* Montserrat-Italic-VariableFont_wght.ttf in Resources */,
				68D55B2C29FC017600E91CE9 /* LaunchScreen.storyboard in Resources */,
				68D55B2929FC017600E91CE9 /* Assets.xcassets in Resources */,
				68D55B2729FC017500E91CE9 /* Main.storyboard in Resources */,
			);
			runOnlyForDeploymentPostprocessing = 0;
		};
/* End PBXResourcesBuildPhase section */

/* Begin PBXSourcesBuildPhase section */
		68D55B1829FC017500E91CE9 /* Sources */ = {
			isa = PBXSourcesBuildPhase;
			buildActionMask = 2147483647;
			files = (
				68D55B2429FC017500E91CE9 /* WeatherViewController.swift in Sources */,
				68D55B2029FC017500E91CE9 /* AppDelegate.swift in Sources */,
				68D55B3B29FC06A500E91CE9 /* DesignableTextField.swift in Sources */,
				68D55B2229FC017500E91CE9 /* SceneDelegate.swift in Sources */,
				68D55B3F29FC0C4E00E91CE9 /* DesignButton.swift in Sources */,
				68D55B3729FC01CE00E91CE9 /* ChangeCityViewController.swift in Sources */,
				68DF552F2A02896500B99634 /* OpenWeather.swift in Sources */,
				68D55B3D29FC0AFF00E91CE9 /* BounceButton.swift in Sources */,
				68DF55312A0289D000B99634 /* OpenWeatherModel.swift in Sources */,
			);
			runOnlyForDeploymentPostprocessing = 0;
		};
/* End PBXSourcesBuildPhase section */

/* Begin PBXVariantGroup section */
		68D55B2529FC017500E91CE9 /* Main.storyboard */ = {
			isa = PBXVariantGroup;
			children = (
				68D55B2629FC017500E91CE9 /* Base */,
			);
			name = Main.storyboard;
			sourceTree = "<group>";
		};
		68D55B2A29FC017600E91CE9 /* LaunchScreen.storyboard */ = {
			isa = PBXVariantGroup;
			children = (
				68D55B2B29FC017600E91CE9 /* Base */,
			);
			name = LaunchScreen.storyboard;
			sourceTree = "<group>";
		};
/* End PBXVariantGroup section */

/* Begin XCBuildConfiguration section */
		68D55B2E29FC017600E91CE9 /* Debug */ = {
			isa = XCBuildConfiguration;
			buildSettings = {
				ALWAYS_SEARCH_USER_PATHS = NO;
				CLANG_ANALYZER_NONNULL = YES;
				CLANG_ANALYZER_NUMBER_OBJECT_CONVERSION = YES_AGGRESSIVE;
				CLANG_CXX_LANGUAGE_STANDARD = "gnu++20";
				CLANG_ENABLE_MODULES = YES;
				CLANG_ENABLE_OBJC_ARC = YES;
				CLANG_ENABLE_OBJC_WEAK = YES;
				CLANG_WARN_BLOCK_CAPTURE_AUTORELEASING = YES;
				CLANG_WARN_BOOL_CONVERSION = YES;
				CLANG_WARN_COMMA = YES;
				CLANG_WARN_CONSTANT_CONVERSION = YES;
				CLANG_WARN_DEPRECATED_OBJC_IMPLEMENTATIONS = YES;
				CLANG_WARN_DIRECT_OBJC_ISA_USAGE = YES_ERROR;
				CLANG_WARN_DOCUMENTATION_COMMENTS = YES;
				CLANG_WARN_EMPTY_BODY = YES;
				CLANG_WARN_ENUM_CONVERSION = YES;
				CLANG_WARN_INFINITE_RECURSION = YES;
				CLANG_WARN_INT_CONVERSION = YES;
				CLANG_WARN_NON_LITERAL_NULL_CONVERSION = YES;
				CLANG_WARN_OBJC_IMPLICIT_RETAIN_SELF = YES;
				CLANG_WARN_OBJC_LITERAL_CONVERSION = YES;
				CLANG_WARN_OBJC_ROOT_CLASS = YES_ERROR;
				CLANG_WARN_QUOTED_INCLUDE_IN_FRAMEWORK_HEADER = YES;
				CLANG_WARN_RANGE_LOOP_ANALYSIS = YES;
				CLANG_WARN_STRICT_PROTOTYPES = YES;
				CLANG_WARN_SUSPICIOUS_MOVE = YES;
				CLANG_WARN_UNGUARDED_AVAILABILITY = YES_AGGRESSIVE;
				CLANG_WARN_UNREACHABLE_CODE = YES;
				CLANG_WARN__DUPLICATE_METHOD_MATCH = YES;
				COPY_PHASE_STRIP = NO;
				DEBUG_INFORMATION_FORMAT = dwarf;
				ENABLE_STRICT_OBJC_MSGSEND = YES;
				ENABLE_TESTABILITY = YES;
				GCC_C_LANGUAGE_STANDARD = gnu11;
				GCC_DYNAMIC_NO_PIC = NO;
				GCC_NO_COMMON_BLOCKS = YES;
				GCC_OPTIMIZATION_LEVEL = 0;
				GCC_PREPROCESSOR_DEFINITIONS = (
					"DEBUG=1",
					"$(inherited)",
				);
				GCC_WARN_64_TO_32_BIT_CONVERSION = YES;
				GCC_WARN_ABOUT_RETURN_TYPE = YES_ERROR;
				GCC_WARN_UNDECLARED_SELECTOR = YES;
				GCC_WARN_UNINITIALIZED_AUTOS = YES_AGGRESSIVE;
				GCC_WARN_UNUSED_FUNCTION = YES;
				GCC_WARN_UNUSED_VARIABLE = YES;
				IPHONEOS_DEPLOYMENT_TARGET = 16.4;
				MTL_ENABLE_DEBUG_INFO = INCLUDE_SOURCE;
				MTL_FAST_MATH = YES;
				ONLY_ACTIVE_ARCH = YES;
				SDKROOT = iphoneos;
				SWIFT_ACTIVE_COMPILATION_CONDITIONS = DEBUG;
				SWIFT_OPTIMIZATION_LEVEL = "-Onone";
			};
			name = Debug;
		};
		68D55B2F29FC017600E91CE9 /* Release */ = {
			isa = XCBuildConfiguration;
			buildSettings = {
				ALWAYS_SEARCH_USER_PATHS = NO;
				CLANG_ANALYZER_NONNULL = YES;
				CLANG_ANALYZER_NUMBER_OBJECT_CONVERSION = YES_AGGRESSIVE;
				CLANG_CXX_LANGUAGE_STANDARD = "gnu++20";
				CLANG_ENABLE_MODULES = YES;
				CLANG_ENABLE_OBJC_ARC = YES;
				CLANG_ENABLE_OBJC_WEAK = YES;
				CLANG_WARN_BLOCK_CAPTURE_AUTORELEASING = YES;
				CLANG_WARN_BOOL_CONVERSION = YES;
				CLANG_WARN_COMMA = YES;
				CLANG_WARN_CONSTANT_CONVERSION = YES;
				CLANG_WARN_DEPRECATED_OBJC_IMPLEMENTATIONS = YES;
				CLANG_WARN_DIRECT_OBJC_ISA_USAGE = YES_ERROR;
				CLANG_WARN_DOCUMENTATION_COMMENTS = YES;
				CLANG_WARN_EMPTY_BODY = YES;
				CLANG_WARN_ENUM_CONVERSION = YES;
				CLANG_WARN_INFINITE_RECURSION = YES;
				CLANG_WARN_INT_CONVERSION = YES;
				CLANG_WARN_NON_LITERAL_NULL_CONVERSION = YES;
				CLANG_WARN_OBJC_IMPLICIT_RETAIN_SELF = YES;
				CLANG_WARN_OBJC_LITERAL_CONVERSION = YES;
				CLANG_WARN_OBJC_ROOT_CLASS = YES_ERROR;
				CLANG_WARN_QUOTED_INCLUDE_IN_FRAMEWORK_HEADER = YES;
				CLANG_WARN_RANGE_LOOP_ANALYSIS = YES;
				CLANG_WARN_STRICT_PROTOTYPES = YES;
				CLANG_WARN_SUSPICIOUS_MOVE = YES;
				CLANG_WARN_UNGUARDED_AVAILABILITY = YES_AGGRESSIVE;
				CLANG_WARN_UNREACHABLE_CODE = YES;
				CLANG_WARN__DUPLICATE_METHOD_MATCH = YES;
				COPY_PHASE_STRIP = NO;
				DEBUG_INFORMATION_FORMAT = "dwarf-with-dsym";
				ENABLE_NS_ASSERTIONS = NO;
				ENABLE_STRICT_OBJC_MSGSEND = YES;
				GCC_C_LANGUAGE_STANDARD = gnu11;
				GCC_NO_COMMON_BLOCKS = YES;
				GCC_WARN_64_TO_32_BIT_CONVERSION = YES;
				GCC_WARN_ABOUT_RETURN_TYPE = YES_ERROR;
				GCC_WARN_UNDECLARED_SELECTOR = YES;
				GCC_WARN_UNINITIALIZED_AUTOS = YES_AGGRESSIVE;
				GCC_WARN_UNUSED_FUNCTION = YES;
				GCC_WARN_UNUSED_VARIABLE = YES;
				IPHONEOS_DEPLOYMENT_TARGET = 16.4;
				MTL_ENABLE_DEBUG_INFO = NO;
				MTL_FAST_MATH = YES;
				SDKROOT = iphoneos;
				SWIFT_COMPILATION_MODE = wholemodule;
				SWIFT_OPTIMIZATION_LEVEL = "-O";
				VALIDATE_PRODUCT = YES;
			};
			name = Release;
		};
		68D55B3129FC017600E91CE9 /* Debug */ = {
			isa = XCBuildConfiguration;
			buildSettings = {
				ASSETCATALOG_COMPILER_APPICON_NAME = AppIcon;
				ASSETCATALOG_COMPILER_GLOBAL_ACCENT_COLOR_NAME = AccentColor;
				CODE_SIGN_STYLE = Automatic;
				CURRENT_PROJECT_VERSION = 1;
				DEVELOPMENT_TEAM = 5UT44ZH347;
				GENERATE_INFOPLIST_FILE = YES;
				INFOPLIST_FILE = OpenWeatherApp/Info.plist;
				INFOPLIST_KEY_NSLocationAlwaysAndWhenInUseUsageDescription = "Need your location to present the weather.";
				INFOPLIST_KEY_NSLocationWhenInUseUsageDescription = "Need your location to present the weather.";
				INFOPLIST_KEY_UIApplicationSupportsIndirectInputEvents = YES;
				INFOPLIST_KEY_UILaunchStoryboardName = LaunchScreen;
				INFOPLIST_KEY_UIMainStoryboardFile = Main;
				INFOPLIST_KEY_UISupportedInterfaceOrientations_iPad = "UIInterfaceOrientationPortrait UIInterfaceOrientationPortraitUpsideDown UIInterfaceOrientationLandscapeLeft UIInterfaceOrientationLandscapeRight";
				INFOPLIST_KEY_UISupportedInterfaceOrientations_iPhone = "UIInterfaceOrientationPortrait UIInterfaceOrientationLandscapeLeft UIInterfaceOrientationLandscapeRight";
				LD_RUNPATH_SEARCH_PATHS = (
					"$(inherited)",
					"@executable_path/Frameworks",
				);
				MARKETING_VERSION = 1.0;
				PRODUCT_BUNDLE_IDENTIFIER = com.iosbootcamp.OpenWeatherApp;
				PRODUCT_NAME = "$(TARGET_NAME)";
				SWIFT_EMIT_LOC_STRINGS = YES;
				SWIFT_VERSION = 5.0;
				TARGETED_DEVICE_FAMILY = "1,2";
			};
			name = Debug;
		};
		68D55B3229FC017600E91CE9 /* Release */ = {
			isa = XCBuildConfiguration;
			buildSettings = {
				ASSETCATALOG_COMPILER_APPICON_NAME = AppIcon;
				ASSETCATALOG_COMPILER_GLOBAL_ACCENT_COLOR_NAME = AccentColor;
				CODE_SIGN_STYLE = Automatic;
				CURRENT_PROJECT_VERSION = 1;
				DEVELOPMENT_TEAM = 5UT44ZH347;
				GENERATE_INFOPLIST_FILE = YES;
				INFOPLIST_FILE = OpenWeatherApp/Info.plist;
				INFOPLIST_KEY_NSLocationAlwaysAndWhenInUseUsageDescription = "Need your location to present the weather.";
				INFOPLIST_KEY_NSLocationWhenInUseUsageDescription = "Need your location to present the weather.";
				INFOPLIST_KEY_UIApplicationSupportsIndirectInputEvents = YES;
				INFOPLIST_KEY_UILaunchStoryboardName = LaunchScreen;
				INFOPLIST_KEY_UIMainStoryboardFile = Main;
				INFOPLIST_KEY_UISupportedInterfaceOrientations_iPad = "UIInterfaceOrientationPortrait UIInterfaceOrientationPortraitUpsideDown UIInterfaceOrientationLandscapeLeft UIInterfaceOrientationLandscapeRight";
				INFOPLIST_KEY_UISupportedInterfaceOrientations_iPhone = "UIInterfaceOrientationPortrait UIInterfaceOrientationLandscapeLeft UIInterfaceOrientationLandscapeRight";
				LD_RUNPATH_SEARCH_PATHS = (
					"$(inherited)",
					"@executable_path/Frameworks",
				);
				MARKETING_VERSION = 1.0;
				PRODUCT_BUNDLE_IDENTIFIER = com.iosbootcamp.OpenWeatherApp;
				PRODUCT_NAME = "$(TARGET_NAME)";
				SWIFT_EMIT_LOC_STRINGS = YES;
				SWIFT_VERSION = 5.0;
				TARGETED_DEVICE_FAMILY = "1,2";
			};
			name = Release;
		};
/* End XCBuildConfiguration section */

/* Begin XCConfigurationList section */
		68D55B1729FC017500E91CE9 /* Build configuration list for PBXProject "OpenWeatherApp" */ = {
			isa = XCConfigurationList;
			buildConfigurations = (
				68D55B2E29FC017600E91CE9 /* Debug */,
				68D55B2F29FC017600E91CE9 /* Release */,
			);
			defaultConfigurationIsVisible = 0;
			defaultConfigurationName = Release;
		};
		68D55B3029FC017600E91CE9 /* Build configuration list for PBXNativeTarget "OpenWeatherApp" */ = {
			isa = XCConfigurationList;
			buildConfigurations = (
				68D55B3129FC017600E91CE9 /* Debug */,
				68D55B3229FC017600E91CE9 /* Release */,
			);
			defaultConfigurationIsVisible = 0;
			defaultConfigurationName = Release;
		};
/* End XCConfigurationList section */

/* Begin XCRemoteSwiftPackageReference section */
		68DF552B2A0288AD00B99634 /* XCRemoteSwiftPackageReference "Alamofire" */ = {
			isa = XCRemoteSwiftPackageReference;
			repositoryURL = "https://github.com/Alamofire/Alamofire.git";
			requirement = {
				kind = upToNextMajorVersion;
				minimumVersion = 5.0.0;
			};
		};
/* End XCRemoteSwiftPackageReference section */

/* Begin XCSwiftPackageProductDependency section */
		68DF552C2A0288AD00B99634 /* Alamofire */ = {
			isa = XCSwiftPackageProductDependency;
			package = 68DF552B2A0288AD00B99634 /* XCRemoteSwiftPackageReference "Alamofire" */;
			productName = Alamofire;
		};
/* End XCSwiftPackageProductDependency section */
	};
	rootObject = 68D55B1429FC017500E91CE9 /* Project object */;
}
